
Microsoft Visual Studio Solution File, Format Version 12.00
# Visual Studio Version 17
VisualStudioVersion = 17.2.32630.192
MinimumVisualStudioVersion = 10.0.40219.1
Project("{FAE04EC0-301F-11D3-BF4B-00C04F79EFBC}") = "dmorrison_Exam1", "dmorrison_Exam1.csproj", "{98B98649-8AFC-4B8C-A150-80AB75523B7B}"
EndProject
Global
	GlobalSection(SolutionConfigurationPlatforms) = preSolution
		Debug|Any CPU = Debug|Any CPU
		Release|Any CPU = Release|Any CPU
	EndGlobalSection
	GlobalSection(ProjectConfigurationPlatforms) = postSolution
		{98B98649-8AFC-4B8C-A150-80AB75523B7B}.Debug|Any CPU.ActiveCfg = Debug|Any CPU
		{98B98649-8AFC-4B8C-A150-80AB75523B7B}.Debug|Any CPU.Build.0 = Debug|Any CPU
		{98B98649-8AFC-4B8C-A150-80AB75523B7B}.Release|Any CPU.ActiveCfg = Release|Any CPU
		{98B98649-8AFC-4B8C-A150-80AB75523B7B}.Release|Any CPU.Build.0 = Release|Any CPU
	EndGlobalSection
	GlobalSection(SolutionProperties) = preSolution
		HideSolutionNode = FALSE
	EndGlobalSection
	GlobalSection(ExtensibilityGlobals) = postSolution
		SolutionGuid = {BB89D0B3-ABC8-4D8A-8BE0-D2B140A485B0}
	EndGlobalSection
EndGlobal
