
Microsoft Visual Studio Solution File, Format Version 12.00
# Visual Studio Version 17
VisualStudioVersion = 17.2.32630.192
MinimumVisualStudioVersion = 10.0.40219.1
Project("{9A19103F-16F7-4668-BE54-9A1E7A4F7556}") = "FirstandLastName", "ConsoleApp2\FirstandLastName.csproj", "{9DBAA586-C4E7-4B8B-B262-7AF3C1BDE1FE}"
EndProject
Global
	GlobalSection(SolutionConfigurationPlatforms) = preSolution
		Debug|Any CPU = Debug|Any CPU
		Release|Any CPU = Release|Any CPU
	EndGlobalSection
	GlobalSection(ProjectConfigurationPlatforms) = postSolution
		{9DBAA586-C4E7-4B8B-B262-7AF3C1BDE1FE}.Debug|Any CPU.ActiveCfg = Debug|Any CPU
		{9DBAA586-C4E7-4B8B-B262-7AF3C1BDE1FE}.Debug|Any CPU.Build.0 = Debug|Any CPU
		{9DBAA586-C4E7-4B8B-B262-7AF3C1BDE1FE}.Release|Any CPU.ActiveCfg = Release|Any CPU
		{9DBAA586-C4E7-4B8B-B262-7AF3C1BDE1FE}.Release|Any CPU.Build.0 = Release|Any CPU
	EndGlobalSection
	GlobalSection(SolutionProperties) = preSolution
		HideSolutionNode = FALSE
	EndGlobalSection
	GlobalSection(ExtensibilityGlobals) = postSolution
		SolutionGuid = {59996FCB-91D5-4FE8-A740-611A7DDA4EC7}
	EndGlobalSection
EndGlobal
